{
  "name": "@rapidimages/storage-api-client",
  "version": "1.1.6",
  "lockfileVersion": 1,
  "requires": true,
  "dependencies": {
    "@types/estree": {
      "version": "0.0.39",
      "resolved": "https://registry.npmjs.org/@types/estree/-/estree-0.0.39.tgz",
      "integrity": "sha512-EYNwp3bU+98cpU4lAWYYL7Zz+2gryWH1qbdDTidVd6hkiR6weksdbMadyXKXNPEkQFhXM+hVO9ZygomHXp+AIw==",
      "dev": true
    },
    "@types/node": {
      "version": "12.7.11",
      "resolved": "https://registry.npmjs.org/@types/node/-/node-12.7.11.tgz",
      "integrity": "sha512-Otxmr2rrZLKRYIybtdG/sgeO+tHY20GxeDjcGmUnmmlCWyEnv2a2x1ZXBo3BTec4OiTXMQCiazB8NMBf0iRlFw==",
      "dev": true
    },
    "acorn": {
      "version": "6.3.0",
      "resolved": "https://registry.npmjs.org/acorn/-/acorn-6.3.0.tgz",
      "integrity": "sha512-/czfa8BwS88b9gWQVhc8eknunSA2DoJpJyTQkhheIf5E48u1N0R4q/YxxsAeqRrmK9TQ/uYfgLDfZo91UlANIA==",
      "dev": true
    },
    "acorn-dynamic-import": {
      "version": "4.0.0",
      "resolved": "https://registry.npmjs.org/acorn-dynamic-import/-/acorn-dynamic-import-4.0.0.tgz",
      "integrity": "sha512-d3OEjQV4ROpoflsnUA8HozoIR504TFxNivYEUi6uwz0IYhBkTDXGuWlNdMtybRt3nqVx/L6XqMt0FxkXuWKZhw==",
      "dev": true
    },
    "acorn-jsx": {
      "version": "5.0.2",
      "resolved": "https://registry.npmjs.org/acorn-jsx/-/acorn-jsx-5.0.2.tgz",
      "integrity": "sha512-tiNTrP1MP0QrChmD2DdupCr6HWSFeKVw5d/dHTu4Y7rkAkRhU/Dt7dphAfIUyxtHpl/eBVip5uTNSpQJHylpAw==",
      "dev": true
    },
    "ansi-styles": {
      "version": "3.2.1",
      "resolved": "https://registry.npmjs.org/ansi-styles/-/ansi-styles-3.2.1.tgz",
      "integrity": "sha512-VT0ZI6kZRdTh8YyJw3SMbYm/u+NqfsAxEpWO0Pf9sq8/e94WxxOpPKx9FR1FlyCtOVDNOQ+8ntlqFxiRc+r5qA==",
      "dev": true,
      "requires": {
        "color-convert": "^1.9.0"
      }
    },
    "asynckit": {
      "version": "0.4.0",
      "resolved": "https://registry.npmjs.org/asynckit/-/asynckit-0.4.0.tgz",
      "integrity": "sha1-x57Zf380y48robyXkLzDZkdLS3k="
    },
    "buble": {
      "version": "0.19.8",
      "resolved": "https://registry.npmjs.org/buble/-/buble-0.19.8.tgz",
      "integrity": "sha512-IoGZzrUTY5fKXVkgGHw3QeXFMUNBFv+9l8a4QJKG1JhG3nCMHTdEX1DCOg8568E2Q9qvAQIiSokv6Jsgx8p2cA==",
      "dev": true,
      "requires": {
        "acorn": "^6.1.1",
        "acorn-dynamic-import": "^4.0.0",
        "acorn-jsx": "^5.0.1",
        "chalk": "^2.4.2",
        "magic-string": "^0.25.3",
        "minimist": "^1.2.0",
        "os-homedir": "^2.0.0",
        "regexpu-core": "^4.5.4"
      },
      "dependencies": {
        "magic-string": {
          "version": "0.25.4",
          "resolved": "https://registry.npmjs.org/magic-string/-/magic-string-0.25.4.tgz",
          "integrity": "sha512-oycWO9nEVAP2RVPbIoDoA4Y7LFIJ3xRYov93gAyJhZkET1tNuB0u7uWkZS2LpBWTJUWnmau/To8ECWRC+jKNfw==",
          "dev": true,
          "requires": {
            "sourcemap-codec": "^1.4.4"
          }
        }
      }
    },
    "buffer-from": {
      "version": "1.1.1",
      "resolved": "https://registry.npmjs.org/buffer-from/-/buffer-from-1.1.1.tgz",
      "integrity": "sha512-MQcXEUbCKtEo7bhqEs6560Hyd4XaovZlO/k9V3hjVUF/zwW7KBVdSK4gIt/bzwS9MbR5qob+F5jusZsb0YQK2A=="
    },
    "chalk": {
      "version": "2.4.2",
      "resolved": "https://registry.npmjs.org/chalk/-/chalk-2.4.2.tgz",
      "integrity": "sha512-Mti+f9lpJNcwF4tWV8/OrTTtF1gZi+f8FqlyAdouralcFWFQWF2+NgCHShjkCb+IFBLq9buZwE1xckQU4peSuQ==",
      "dev": true,
      "requires": {
        "ansi-styles": "^3.2.1",
        "escape-string-regexp": "^1.0.5",
        "supports-color": "^5.3.0"
      }
    },
    "color-convert": {
      "version": "1.9.3",
      "resolved": "https://registry.npmjs.org/color-convert/-/color-convert-1.9.3.tgz",
      "integrity": "sha512-QfAUtd+vFdAtFQcC8CCyYt1fYWxSqAiK2cSD6zDB8N3cpsEBAvRxp9zOGg6G/SHHJYAT88/az/IuDGALsNVbGg==",
      "dev": true,
      "requires": {
        "color-name": "1.1.3"
      }
    },
    "color-name": {
      "version": "1.1.3",
      "resolved": "https://registry.npmjs.org/color-name/-/color-name-1.1.3.tgz",
      "integrity": "sha1-p9BVi9icQveV3UIyj3QIMcpTvCU=",
      "dev": true
    },
    "combined-stream": {
      "version": "1.0.8",
      "resolved": "https://registry.npmjs.org/combined-stream/-/combined-stream-1.0.8.tgz",
      "integrity": "sha512-FQN4MRfuJeHf7cBbBMJFXhKSDq+2kAArBlmRBvcvFE5BB1HZKXtSFASDhdlz9zOYwxh8lDdnvmMOe/+5cdoEdg==",
      "requires": {
        "delayed-stream": "~1.0.0"
      }
    },
    "concat-stream": {
      "version": "2.0.0",
      "resolved": "https://registry.npmjs.org/concat-stream/-/concat-stream-2.0.0.tgz",
      "integrity": "sha512-MWufYdFw53ccGjCA+Ol7XJYpAlW6/prSMzuPOTRnJGcGzuhLn4Scrz7qf6o8bROZ514ltazcIFJZevcfbo0x7A==",
      "requires": {
        "buffer-from": "^1.0.0",
        "inherits": "^2.0.3",
        "readable-stream": "^3.0.2",
        "typedarray": "^0.0.6"
      }
    },
    "core-util-is": {
      "version": "1.0.2",
      "resolved": "https://registry.npmjs.org/core-util-is/-/core-util-is-1.0.2.tgz",
      "integrity": "sha1-tf1UIgqivFq1eqtxQMlAdUUDwac="
    },
    "debug": {
      "version": "4.1.1",
      "resolved": "https://registry.npmjs.org/debug/-/debug-4.1.1.tgz",
      "integrity": "sha512-pYAIzeRo8J6KPEaJ0VWOh5Pzkbw/RetuzehGM7QRRX5he4fPHx2rdKMB256ehJCkX+XRQm16eZLqLNS8RSZXZw==",
      "requires": {
        "ms": "^2.1.1"
      }
    },
    "delayed-stream": {
      "version": "1.0.0",
      "resolved": "https://registry.npmjs.org/delayed-stream/-/delayed-stream-1.0.0.tgz",
      "integrity": "sha1-3zrhmayt+31ECqrgsp4icrJOxhk="
    },
    "duplexer2": {
      "version": "0.0.2",
      "resolved": "https://registry.npmjs.org/duplexer2/-/duplexer2-0.0.2.tgz",
      "integrity": "sha1-xhTc9n4vsUmVqRcR5aYX6KYKMds=",
      "requires": {
        "readable-stream": "~1.1.9"
      },
      "dependencies": {
        "readable-stream": {
          "version": "1.1.14",
          "resolved": "https://registry.npmjs.org/readable-stream/-/readable-stream-1.1.14.tgz",
          "integrity": "sha1-fPTFTvZI44EwhMY23SB54WbAgdk=",
          "requires": {
            "core-util-is": "~1.0.0",
            "inherits": "~2.0.1",
            "isarray": "0.0.1",
            "string_decoder": "~0.10.x"
          }
        },
        "string_decoder": {
          "version": "0.10.31",
          "resolved": "https://registry.npmjs.org/string_decoder/-/string_decoder-0.10.31.tgz",
          "integrity": "sha1-YuIDvEF2bGwoyfyEMB2rHFMQ+pQ="
        }
      }
    },
    "escape-string-regexp": {
      "version": "1.0.5",
      "resolved": "https://registry.npmjs.org/escape-string-regexp/-/escape-string-regexp-1.0.5.tgz",
      "integrity": "sha1-G2HAViGQqN/2rjuyzwIAyhMLhtQ=",
      "dev": true
    },
    "estree-walker": {
      "version": "0.6.1",
      "resolved": "https://registry.npmjs.org/estree-walker/-/estree-walker-0.6.1.tgz",
      "integrity": "sha512-SqmZANLWS0mnatqbSfRP5g8OXZC12Fgg1IwNtLsyHDzJizORW4khDfjPqJZsemPWBB2uqykUah5YpQ6epsqC/w==",
      "dev": true
    },
    "form-data": {
      "version": "2.5.1",
      "resolved": "https://registry.npmjs.org/form-data/-/form-data-2.5.1.tgz",
      "integrity": "sha512-m21N3WOmEEURgk6B9GLOE4RuWOFf28Lhh9qGYeNlGq4VDXUlJy2th2slBNU8Gp8EzloYZOibZJ7t5ecIrFSjVA==",
      "requires": {
        "asynckit": "^0.4.0",
        "combined-stream": "^1.0.6",
        "mime-types": "^2.1.12"
      }
    },
    "has-flag": {
      "version": "3.0.0",
      "resolved": "https://registry.npmjs.org/has-flag/-/has-flag-3.0.0.tgz",
      "integrity": "sha1-tdRU3CGZriJWmfNGfloH87lVuv0=",
      "dev": true
    },
    "hyperquest": {
      "version": "2.1.3",
      "resolved": "https://registry.npmjs.org/hyperquest/-/hyperquest-2.1.3.tgz",
      "integrity": "sha512-fUuDOrB47PqNK/BAMOS13v41UoaqIxqSLHX6CAbOD7OfT+/GCWO1/vPLfTNutOeXrv1ikuaZ3yux+33Z9vh+rw==",
      "requires": {
        "buffer-from": "^0.1.1",
        "duplexer2": "~0.0.2",
        "through2": "~0.6.3"
      },
      "dependencies": {
        "buffer-from": {
          "version": "0.1.2",
          "resolved": "https://registry.npmjs.org/buffer-from/-/buffer-from-0.1.2.tgz",
          "integrity": "sha512-RiWIenusJsmI2KcvqQABB83tLxCByE3upSP8QU3rJDMVFGPWLvPQJt/O1Su9moRWeH7d+Q2HYb68f6+v+tw2vg=="
        }
      }
    },
    "inherits": {
      "version": "2.0.4",
      "resolved": "https://registry.npmjs.org/inherits/-/inherits-2.0.4.tgz",
      "integrity": "sha512-k/vGaX4/Yla3WzyMCvTQOXYeIHvqOKtnqBduzTHpzpQZzAskKMhZ2K+EnBiSM9zGSoIFeMpXKxa4dYeZIQqewQ=="
    },
    "isarray": {
      "version": "0.0.1",
      "resolved": "https://registry.npmjs.org/isarray/-/isarray-0.0.1.tgz",
      "integrity": "sha1-ihis/Kmo9Bd+Cav8YDiTmwXR7t8="
    },
    "jsesc": {
      "version": "0.5.0",
      "resolved": "https://registry.npmjs.org/jsesc/-/jsesc-0.5.0.tgz",
      "integrity": "sha1-597mbjXW/Bb3EP6R1c9p9w8IkR0=",
      "dev": true
    },
    "magic-string": {
      "version": "0.25.4",
      "resolved": "https://registry.npmjs.org/magic-string/-/magic-string-0.25.4.tgz",
      "integrity": "sha512-oycWO9nEVAP2RVPbIoDoA4Y7LFIJ3xRYov93gAyJhZkET1tNuB0u7uWkZS2LpBWTJUWnmau/To8ECWRC+jKNfw==",
      "dev": true,
      "requires": {
        "sourcemap-codec": "^1.4.4"
      }
    },
    "mime-db": {
      "version": "1.40.0",
      "resolved": "https://registry.npmjs.org/mime-db/-/mime-db-1.40.0.tgz",
      "integrity": "sha512-jYdeOMPy9vnxEqFRRo6ZvTZ8d9oPb+k18PKoYNYUe2stVEBPPwsln/qWzdbmaIvnhZ9v2P+CuecK+fpUfsV2mA=="
    },
    "mime-types": {
      "version": "2.1.24",
      "resolved": "https://registry.npmjs.org/mime-types/-/mime-types-2.1.24.tgz",
      "integrity": "sha512-WaFHS3MCl5fapm3oLxU4eYDw77IQM2ACcxQ9RIxfaC3ooc6PFuBMGZZsYpvoXS5D5QTWPieo1jjLdAm3TBP3cQ==",
      "requires": {
        "mime-db": "1.40.0"
      }
    },
    "minimist": {
      "version": "1.2.0",
      "resolved": "https://registry.npmjs.org/minimist/-/minimist-1.2.0.tgz",
      "integrity": "sha1-o1AIsg9BOD7sH7kU9M1d95omQoQ=",
      "dev": true
    },
    "ms": {
      "version": "2.1.2",
      "resolved": "https://registry.npmjs.org/ms/-/ms-2.1.2.tgz",
      "integrity": "sha512-sGkPx+VjMtmA6MX27oA4FBFELFCZZ4S4XqeGOXCv68tT+jb3vk/RyaKWP0PTKyWtmLSM0b+adUTEvbs1PEaH2w=="
    },
    "once": {
      "version": "1.4.0",
      "resolved": "https://registry.npmjs.org/once/-/once-1.4.0.tgz",
      "integrity": "sha1-WDsap3WWHUsROsF9nFC6753Xa9E=",
      "requires": {
        "wrappy": "1"
      }
    },
    "os-homedir": {
      "version": "2.0.0",
      "resolved": "https://registry.npmjs.org/os-homedir/-/os-homedir-2.0.0.tgz",
      "integrity": "sha512-saRNz0DSC5C/I++gFIaJTXoFJMRwiP5zHar5vV3xQ2TkgEw6hDCcU5F272JjUylpiVgBrZNQHnfjkLabTfb92Q==",
      "dev": true
    },
    "readable-stream": {
      "version": "3.4.0",
      "resolved": "https://registry.npmjs.org/readable-stream/-/readable-stream-3.4.0.tgz",
      "integrity": "sha512-jItXPLmrSR8jmTRmRWJXCnGJsfy85mB3Wd/uINMXA65yrnFo0cPClFIUWzo2najVNSl+mx7/4W8ttlLWJe99pQ==",
      "requires": {
        "inherits": "^2.0.3",
        "string_decoder": "^1.1.1",
        "util-deprecate": "^1.0.1"
      }
    },
    "regenerate": {
      "version": "1.4.0",
      "resolved": "https://registry.npmjs.org/regenerate/-/regenerate-1.4.0.tgz",
      "integrity": "sha512-1G6jJVDWrt0rK99kBjvEtziZNCICAuvIPkSiUFIQxVP06RCVpq3dmDo2oi6ABpYaDYaTRr67BEhL8r1wgEZZKg==",
      "dev": true
    },
    "regenerate-unicode-properties": {
      "version": "8.1.0",
      "resolved": "https://registry.npmjs.org/regenerate-unicode-properties/-/regenerate-unicode-properties-8.1.0.tgz",
      "integrity": "sha512-LGZzkgtLY79GeXLm8Dp0BVLdQlWICzBnJz/ipWUgo59qBaZ+BHtq51P2q1uVZlppMuUAT37SDk39qUbjTWB7bA==",
      "dev": true,
      "requires": {
        "regenerate": "^1.4.0"
      }
    },
    "regexpu-core": {
      "version": "4.6.0",
      "resolved": "https://registry.npmjs.org/regexpu-core/-/regexpu-core-4.6.0.tgz",
      "integrity": "sha512-YlVaefl8P5BnFYOITTNzDvan1ulLOiXJzCNZxduTIosN17b87h3bvG9yHMoHaRuo88H4mQ06Aodj5VtYGGGiTg==",
      "dev": true,
      "requires": {
        "regenerate": "^1.4.0",
        "regenerate-unicode-properties": "^8.1.0",
        "regjsgen": "^0.5.0",
        "regjsparser": "^0.6.0",
        "unicode-match-property-ecmascript": "^1.0.4",
        "unicode-match-property-value-ecmascript": "^1.1.0"
      }
    },
    "regjsgen": {
      "version": "0.5.0",
      "resolved": "https://registry.npmjs.org/regjsgen/-/regjsgen-0.5.0.tgz",
      "integrity": "sha512-RnIrLhrXCX5ow/E5/Mh2O4e/oa1/jW0eaBKTSy3LaCj+M3Bqvm97GWDp2yUtzIs4LEn65zR2yiYGFqb2ApnzDA==",
      "dev": true
    },
    "regjsparser": {
      "version": "0.6.0",
      "resolved": "https://registry.npmjs.org/regjsparser/-/regjsparser-0.6.0.tgz",
      "integrity": "sha512-RQ7YyokLiQBomUJuUG8iGVvkgOLxwyZM8k6d3q5SAXpg4r5TZJZigKFvC6PpD+qQ98bCDC5YelPeA3EucDoNeQ==",
      "dev": true,
      "requires": {
        "jsesc": "~0.5.0"
      }
    },
    "rollup": {
      "version": "1.23.1",
      "resolved": "https://registry.npmjs.org/rollup/-/rollup-1.23.1.tgz",
      "integrity": "sha512-95C1GZQpr/NIA0kMUQmSjuMDQ45oZfPgDBcN0yZwBG7Kee//m7H68vgIyg+SPuyrTZ5PrXfyLK80OzXeKG5dAA==",
      "dev": true,
      "requires": {
        "@types/estree": "*",
        "@types/node": "*",
        "acorn": "^7.1.0"
      },
      "dependencies": {
        "acorn": {
          "version": "7.1.0",
          "resolved": "https://registry.npmjs.org/acorn/-/acorn-7.1.0.tgz",
          "integrity": "sha512-kL5CuoXA/dgxlBbVrflsflzQ3PAas7RYZB52NOm/6839iVYJgKMJ3cQJD+t2i5+qFa8h3MDpEOJiS64E8JLnSQ==",
          "dev": true
        }
      }
    },
    "rollup-plugin-buble": {
      "version": "0.19.8",
      "resolved": "https://registry.npmjs.org/rollup-plugin-buble/-/rollup-plugin-buble-0.19.8.tgz",
      "integrity": "sha512-8J4zPk2DQdk3rxeZvxgzhHh/rm5nJkjwgcsUYisCQg1QbT5yagW+hehYEW7ZNns/NVbDCTv4JQ7h4fC8qKGOKw==",
      "dev": true,
      "requires": {
        "buble": "^0.19.8",
        "rollup-pluginutils": "^2.3.3"
      }
    },
    "rollup-plugin-replace": {
      "version": "2.2.0",
      "resolved": "https://registry.npmjs.org/rollup-plugin-replace/-/rollup-plugin-replace-2.2.0.tgz",
      "integrity": "sha512-/5bxtUPkDHyBJAKketb4NfaeZjL5yLZdeUihSfbF2PQMz+rSTEb8ARKoOl3UBT4m7/X+QOXJo3sLTcq+yMMYTA==",
      "dev": true,
      "requires": {
        "magic-string": "^0.25.2",
        "rollup-pluginutils": "^2.6.0"
      }
    },
    "rollup-pluginutils": {
      "version": "2.8.1",
      "resolved": "https://registry.npmjs.org/rollup-pluginutils/-/rollup-pluginutils-2.8.1.tgz",
      "integrity": "sha512-J5oAoysWar6GuZo0s+3bZ6sVZAC0pfqKz68De7ZgDi5z63jOVZn1uJL/+z1jeKHNbGII8kAyHF5q8LnxSX5lQg==",
      "dev": true,
      "requires": {
        "estree-walker": "^0.6.1"
      }
    },
    "rusha": {
      "version": "0.8.13",
      "resolved": "https://registry.npmjs.org/rusha/-/rusha-0.8.13.tgz",
      "integrity": "sha1-mghOe4YLF7/zAVuSxnpqM2GRUTo="
    },
    "safe-buffer": {
      "version": "5.2.0",
      "resolved": "https://registry.npmjs.org/safe-buffer/-/safe-buffer-5.2.0.tgz",
      "integrity": "sha512-fZEwUGbVl7kouZs1jCdMLdt95hdIv0ZeHg6L7qPeciMZhZ+/gdesW4wgTARkrFWEpspjEATAzUGPG8N2jJiwbg=="
    },
    "sourcemap-codec": {
      "version": "1.4.4",
      "resolved": "https://registry.npmjs.org/sourcemap-codec/-/sourcemap-codec-1.4.4.tgz",
      "integrity": "sha512-CYAPYdBu34781kLHkaW3m6b/uUSyMOC2R61gcYMWooeuaGtjof86ZA/8T+qVPPt7np1085CR9hmMGrySwEc8Xg==",
      "dev": true
    },
    "string_decoder": {
      "version": "1.3.0",
      "resolved": "https://registry.npmjs.org/string_decoder/-/string_decoder-1.3.0.tgz",
      "integrity": "sha512-hkRX8U1WjJFd8LsDJ2yQ/wWWxaopEsABU1XfkM8A+j0+85JAGppt16cr1Whg6KIbb4okU6Mql6BOj+uup/wKeA==",
      "requires": {
        "safe-buffer": "~5.2.0"
      }
    },
    "supports-color": {
      "version": "5.5.0",
      "resolved": "https://registry.npmjs.org/supports-color/-/supports-color-5.5.0.tgz",
      "integrity": "sha512-QjVjwdXIt408MIiAqCX4oUKsgU2EqAGzs2Ppkm4aQYbjm+ZEWEcW4SfFNTr4uMNZma0ey4f5lgLrkB0aX0QMow==",
      "dev": true,
      "requires": {
        "has-flag": "^3.0.0"
      }
    },
    "through2": {
      "version": "0.6.5",
      "resolved": "https://registry.npmjs.org/through2/-/through2-0.6.5.tgz",
      "integrity": "sha1-QaucZ7KdVyCQcUEOHXp6lozTrUg=",
      "requires": {
        "readable-stream": ">=1.0.33-1 <1.1.0-0",
        "xtend": ">=4.0.0 <4.1.0-0"
      },
      "dependencies": {
        "readable-stream": {
          "version": "1.0.34",
          "resolved": "https://registry.npmjs.org/readable-stream/-/readable-stream-1.0.34.tgz",
          "integrity": "sha1-Elgg40vIQtLyqq+v5MKRbuMsFXw=",
          "requires": {
            "core-util-is": "~1.0.0",
            "inherits": "~2.0.1",
            "isarray": "0.0.1",
            "string_decoder": "~0.10.x"
          }
        },
        "string_decoder": {
          "version": "0.10.31",
          "resolved": "https://registry.npmjs.org/string_decoder/-/string_decoder-0.10.31.tgz",
          "integrity": "sha1-YuIDvEF2bGwoyfyEMB2rHFMQ+pQ="
        }
      }
    },
    "typedarray": {
      "version": "0.0.6",
      "resolved": "https://registry.npmjs.org/typedarray/-/typedarray-0.0.6.tgz",
      "integrity": "sha1-hnrHTjhkGHsdPUfZlqeOxciDB3c="
    },
    "unicode-canonical-property-names-ecmascript": {
      "version": "1.0.4",
      "resolved": "https://registry.npmjs.org/unicode-canonical-property-names-ecmascript/-/unicode-canonical-property-names-ecmascript-1.0.4.tgz",
      "integrity": "sha512-jDrNnXWHd4oHiTZnx/ZG7gtUTVp+gCcTTKr8L0HjlwphROEW3+Him+IpvC+xcJEFegapiMZyZe02CyuOnRmbnQ==",
      "dev": true
    },
    "unicode-match-property-ecmascript": {
      "version": "1.0.4",
      "resolved": "https://registry.npmjs.org/unicode-match-property-ecmascript/-/unicode-match-property-ecmascript-1.0.4.tgz",
      "integrity": "sha512-L4Qoh15vTfntsn4P1zqnHulG0LdXgjSO035fEpdtp6YxXhMT51Q6vgM5lYdG/5X3MjS+k/Y9Xw4SFCY9IkR0rg==",
      "dev": true,
      "requires": {
        "unicode-canonical-property-names-ecmascript": "^1.0.4",
        "unicode-property-aliases-ecmascript": "^1.0.4"
      }
    },
    "unicode-match-property-value-ecmascript": {
      "version": "1.1.0",
      "resolved": "https://registry.npmjs.org/unicode-match-property-value-ecmascript/-/unicode-match-property-value-ecmascript-1.1.0.tgz",
      "integrity": "sha512-hDTHvaBk3RmFzvSl0UVrUmC3PuW9wKVnpoUDYH0JDkSIovzw+J5viQmeYHxVSBptubnr7PbH2e0fnpDRQnQl5g==",
      "dev": true
    },
    "unicode-property-aliases-ecmascript": {
      "version": "1.0.5",
      "resolved": "https://registry.npmjs.org/unicode-property-aliases-ecmascript/-/unicode-property-aliases-ecmascript-1.0.5.tgz",
      "integrity": "sha512-L5RAqCfXqAwR3RriF8pM0lU0w4Ryf/GgzONwi6KnL1taJQa7x1TCxdJnILX59WIGOwR57IVxn7Nej0fz1Ny6fw==",
      "dev": true
    },
    "util-deprecate": {
      "version": "1.0.2",
      "resolved": "https://registry.npmjs.org/util-deprecate/-/util-deprecate-1.0.2.tgz",
      "integrity": "sha1-RQ1Nyfpw3nMnYvvS1KKJgUGaDM8="
    },
    "wrappy": {
      "version": "1.0.2",
      "resolved": "https://registry.npmjs.org/wrappy/-/wrappy-1.0.2.tgz",
      "integrity": "sha1-tSQ9jz7BqjXxNkYFvA0QNuMKtp8="
    },
    "xtend": {
      "version": "4.0.2",
      "resolved": "https://registry.npmjs.org/xtend/-/xtend-4.0.2.tgz",
      "integrity": "sha512-LKYU1iAXJXUgAXn9URjiu+MWhyUXHsvfp7mcuYm9dSUKK0/CjtrUwFAxD82/mCWbtLsGjFIad0wIsod4zrTAEQ=="
    }
  }
}
